
Microsoft Visual Studio Solution File, Format Version 12.00
# Visual Studio 14
VisualStudioVersion = 14.0.25123.0
MinimumVisualStudioVersion = 10.0.40219.1
Project("{FAE04EC0-301F-11D3-BF4B-00C04F79EFBC}") = "AppxDeployTool", "AppxDeployTool\AppxDeployTool.csproj", "{D9528155-8DF0-4948-B64E-B8E653D442F8}"
EndProject
Project("{FAE04EC0-301F-11D3-BF4B-00C04F79EFBC}") = "WinAppDeployCmd", "WinAppDeployCmd.csproj", "{8F6F2582-CCEF-47F2-BF7E-4E11B5191D46}"
EndProject
Global
	GlobalSection(SolutionConfigurationPlatforms) = preSolution
		Debug|Any CPU = Debug|Any CPU
		Debug|x86 = Debug|x86
		Release|Any CPU = Release|Any CPU
		Release|x86 = Release|x86
	EndGlobalSection
	GlobalSection(ProjectConfigurationPlatforms) = postSolution
		{D9528155-8DF0-4948-B64E-B8E653D442F8}.Debug|Any CPU.ActiveCfg = Debug|Any CPU
		{D9528155-8DF0-4948-B64E-B8E653D442F8}.Debug|Any CPU.Build.0 = Debug|Any CPU
		{D9528155-8DF0-4948-B64E-B8E653D442F8}.Debug|x86.ActiveCfg = Debug|Any CPU
		{D9528155-8DF0-4948-B64E-B8E653D442F8}.Debug|x86.Build.0 = Debug|Any CPU
		{D9528155-8DF0-4948-B64E-B8E653D442F8}.Release|Any CPU.ActiveCfg = Release|Any CPU
		{D9528155-8DF0-4948-B64E-B8E653D442F8}.Release|Any CPU.Build.0 = Release|Any CPU
		{D9528155-8DF0-4948-B64E-B8E653D442F8}.Release|x86.ActiveCfg = Release|Any CPU
		{D9528155-8DF0-4948-B64E-B8E653D442F8}.Release|x86.Build.0 = Release|Any CPU
		{8F6F2582-CCEF-47F2-BF7E-4E11B5191D46}.Debug|Any CPU.ActiveCfg = Debug|x86
		{8F6F2582-CCEF-47F2-BF7E-4E11B5191D46}.Debug|x86.ActiveCfg = Debug|x86
		{8F6F2582-CCEF-47F2-BF7E-4E11B5191D46}.Debug|x86.Build.0 = Debug|x86
		{8F6F2582-CCEF-47F2-BF7E-4E11B5191D46}.Release|Any CPU.ActiveCfg = Release|x86
		{8F6F2582-CCEF-47F2-BF7E-4E11B5191D46}.Release|x86.ActiveCfg = Release|x86
		{8F6F2582-CCEF-47F2-BF7E-4E11B5191D46}.Release|x86.Build.0 = Release|x86
	EndGlobalSection
	GlobalSection(SolutionProperties) = preSolution
		HideSolutionNode = FALSE
	EndGlobalSection
EndGlobal
